
Microsoft Visual Studio Solution File, Format Version 12.00
# Visual Studio Version 17
VisualStudioVersion = 17.3.32804.467
MinimumVisualStudioVersion = 10.0.40219.1
Project("{FAE04EC0-301F-11D3-BF4B-00C04F79EFBC}") = "BookStore", "BookStore\BookStore.csproj", "{3DCE66E4-7E58-4597-8E17-4F248F70C212}"
EndProject
Global
	GlobalSection(SolutionConfigurationPlatforms) = preSolution
		Debug|Any CPU = Debug|Any CPU
		Release|Any CPU = Release|Any CPU
	EndGlobalSection
	GlobalSection(ProjectConfigurationPlatforms) = postSolution
		{3DCE66E4-7E58-4597-8E17-4F248F70C212}.Debug|Any CPU.ActiveCfg = Debug|Any CPU
		{3DCE66E4-7E58-4597-8E17-4F248F70C212}.Debug|Any CPU.Build.0 = Debug|Any CPU
		{3DCE66E4-7E58-4597-8E17-4F248F70C212}.Release|Any CPU.ActiveCfg = Release|Any CPU
		{3DCE66E4-7E58-4597-8E17-4F248F70C212}.Release|Any CPU.Build.0 = Release|Any CPU
	EndGlobalSection
	GlobalSection(SolutionProperties) = preSolution
		HideSolutionNode = FALSE
	EndGlobalSection
	GlobalSection(ExtensibilityGlobals) = postSolution
		SolutionGuid = {FFFC105C-7DDB-46D4-8596-3BF7932DB0B0}
	EndGlobalSection
EndGlobal
